// !$*UTF8*$!
{
	archiveVersion = 1;
	classes = {
	};
	objectVersion = 55;
	objects = {

/* Begin PBXBuildFile section */
		DAA29B5F285A783000C70D12 /* UsersListApp.swift in Sources */ = {isa = PBXBuildFile; fileRef = DAA29B5E285A783000C70D12 /* UsersListApp.swift */; };
		DAA29B61285A783000C70D12 /* UserDetailsView.swift in Sources */ = {isa = PBXBuildFile; fileRef = DAA29B60285A783000C70D12 /* UserDetailsView.swift */; };
		DAA29B63285A783600C70D12 /* Assets.xcassets in Resources */ = {isa = PBXBuildFile; fileRef = DAA29B62285A783600C70D12 /* Assets.xcassets */; };
		DAA29B66285A783600C70D12 /* Preview Assets.xcassets in Resources */ = {isa = PBXBuildFile; fileRef = DAA29B65285A783600C70D12 /* Preview Assets.xcassets */; };
		DAA29B70285A783700C70D12 /* UsersListTests.swift in Sources */ = {isa = PBXBuildFile; fileRef = DAA29B6F285A783700C70D12 /* UsersListTests.swift */; };
		DAA29B7A285A783700C70D12 /* UsersListUITests.swift in Sources */ = {isa = PBXBuildFile; fileRef = DAA29B79285A783700C70D12 /* UsersListUITests.swift */; };
		DAA29B7C285A783700C70D12 /* UsersListUITestsLaunchTests.swift in Sources */ = {isa = PBXBuildFile; fileRef = DAA29B7B285A783700C70D12 /* UsersListUITestsLaunchTests.swift */; };
		DAA29B89285A7EFD00C70D12 /* ImageView.swift in Sources */ = {isa = PBXBuildFile; fileRef = DAA29B88285A7EFD00C70D12 /* ImageView.swift */; };
		DAA29B8C285A82DC00C70D12 /* UserDetails.json in Resources */ = {isa = PBXBuildFile; fileRef = DAA29B8B285A82DC00C70D12 /* UserDetails.json */; };
		DAA29B8F285A834300C70D12 /* UserDetails.swift in Sources */ = {isa = PBXBuildFile; fileRef = DAA29B8E285A834300C70D12 /* UserDetails.swift */; };
		DAA29B94285AA4D000C70D12 /* UserDetailsModel.swift in Sources */ = {isa = PBXBuildFile; fileRef = DAA29B93285AA4D000C70D12 /* UserDetailsModel.swift */; };
		DAA29B96285BE98100C70D12 /* TestData.swift in Sources */ = {isa = PBXBuildFile; fileRef = DAA29B95285BE98100C70D12 /* TestData.swift */; };
		DAA29B9828627EE900C70D12 /* UsersList.json in Resources */ = {isa = PBXBuildFile; fileRef = DAA29B9728627EE900C70D12 /* UsersList.json */; };
/* End PBXBuildFile section */

/* Begin PBXContainerItemProxy section */
		DAA29B6C285A783700C70D12 /* PBXContainerItemProxy */ = {
			isa = PBXContainerItemProxy;
			containerPortal = DAA29B53285A783000C70D12 /* Project object */;
			proxyType = 1;
			remoteGlobalIDString = DAA29B5A285A783000C70D12;
			remoteInfo = UsersList;
		};
		DAA29B76285A783700C70D12 /* PBXContainerItemProxy */ = {
			isa = PBXContainerItemProxy;
			containerPortal = DAA29B53285A783000C70D12 /* Project object */;
			proxyType = 1;
			remoteGlobalIDString = DAA29B5A285A783000C70D12;
			remoteInfo = UsersList;
		};
/* End PBXContainerItemProxy section */

/* Begin PBXFileReference section */
		DAA29B5B285A783000C70D12 /* ListingUsers.app */ = {isa = PBXFileReference; explicitFileType = wrapper.application; includeInIndex = 0; path = ListingUsers.app; sourceTree = BUILT_PRODUCTS_DIR; };
		DAA29B5E285A783000C70D12 /* UsersListApp.swift */ = {isa = PBXFileReference; lastKnownFileType = sourcecode.swift; path = UsersListApp.swift; sourceTree = "<group>"; };
		DAA29B60285A783000C70D12 /* UserDetailsView.swift */ = {isa = PBXFileReference; lastKnownFileType = sourcecode.swift; path = UserDetailsView.swift; sourceTree = "<group>"; };
		DAA29B62285A783600C70D12 /* Assets.xcassets */ = {isa = PBXFileReference; lastKnownFileType = folder.assetcatalog; path = Assets.xcassets; sourceTree = "<group>"; };
		DAA29B65285A783600C70D12 /* Preview Assets.xcassets */ = {isa = PBXFileReference; lastKnownFileType = folder.assetcatalog; path = "Preview Assets.xcassets"; sourceTree = "<group>"; };
		DAA29B6B285A783700C70D12 /* ListingUsersTests.xctest */ = {isa = PBXFileReference; explicitFileType = wrapper.cfbundle; includeInIndex = 0; path = ListingUsersTests.xctest; sourceTree = BUILT_PRODUCTS_DIR; };
		DAA29B6F285A783700C70D12 /* UsersListTests.swift */ = {isa = PBXFileReference; lastKnownFileType = sourcecode.swift; path = UsersListTests.swift; sourceTree = "<group>"; };
		DAA29B75285A783700C70D12 /* ListingUsersUITests.xctest */ = {isa = PBXFileReference; explicitFileType = wrapper.cfbundle; includeInIndex = 0; path = ListingUsersUITests.xctest; sourceTree = BUILT_PRODUCTS_DIR; };
		DAA29B79285A783700C70D12 /* UsersListUITests.swift */ = {isa = PBXFileReference; lastKnownFileType = sourcecode.swift; path = UsersListUITests.swift; sourceTree = "<group>"; };
		DAA29B7B285A783700C70D12 /* UsersListUITestsLaunchTests.swift */ = {isa = PBXFileReference; lastKnownFileType = sourcecode.swift; path = UsersListUITestsLaunchTests.swift; sourceTree = "<group>"; };
		DAA29B88285A7EFD00C70D12 /* ImageView.swift */ = {isa = PBXFileReference; lastKnownFileType = sourcecode.swift; path = ImageView.swift; sourceTree = "<group>"; };
		DAA29B8B285A82DC00C70D12 /* UserDetails.json */ = {isa = PBXFileReference; lastKnownFileType = text.json; path = UserDetails.json; sourceTree = "<group>"; };
		DAA29B8E285A834300C70D12 /* UserDetails.swift */ = {isa = PBXFileReference; lastKnownFileType = sourcecode.swift; path = UserDetails.swift; sourceTree = "<group>"; };
		DAA29B93285AA4D000C70D12 /* UserDetailsModel.swift */ = {isa = PBXFileReference; lastKnownFileType = sourcecode.swift; path = UserDetailsModel.swift; sourceTree = "<group>"; };
		DAA29B95285BE98100C70D12 /* TestData.swift */ = {isa = PBXFileReference; lastKnownFileType = sourcecode.swift; path = TestData.swift; sourceTree = "<group>"; };
		DAA29B9728627EE900C70D12 /* UsersList.json */ = {isa = PBXFileReference; lastKnownFileType = text.json; path = UsersList.json; sourceTree = "<group>"; };
/* End PBXFileReference section */

/* Begin PBXFrameworksBuildPhase section */
		DAA29B58285A783000C70D12 /* Frameworks */ = {
			isa = PBXFrameworksBuildPhase;
			buildActionMask = 2147483647;
			files = (
			);
			runOnlyForDeploymentPostprocessing = 0;
		};
		DAA29B68285A783700C70D12 /* Frameworks */ = {
			isa = PBXFrameworksBuildPhase;
			buildActionMask = 2147483647;
			files = (
			);
			runOnlyForDeploymentPostprocessing = 0;
		};
		DAA29B72285A783700C70D12 /* Frameworks */ = {
			isa = PBXFrameworksBuildPhase;
			buildActionMask = 2147483647;
			files = (
			);
			runOnlyForDeploymentPostprocessing = 0;
		};
/* End PBXFrameworksBuildPhase section */

/* Begin PBXGroup section */
		DAA29B52285A783000C70D12 = {
			isa = PBXGroup;
			children = (
				DAA29B90285A96A400C70D12 /* Backend */,
				DAA29B5D285A783000C70D12 /* UsersList */,
				DAA29B6E285A783700C70D12 /* UsersListTests */,
				DAA29B78285A783700C70D12 /* UsersListUITests */,
				DAA29B5C285A783000C70D12 /* Products */,
			);
			sourceTree = "<group>";
		};
		DAA29B5C285A783000C70D12 /* Products */ = {
			isa = PBXGroup;
			children = (
				DAA29B5B285A783000C70D12 /* ListingUsers.app */,
				DAA29B6B285A783700C70D12 /* ListingUsersTests.xctest */,
				DAA29B75285A783700C70D12 /* ListingUsersUITests.xctest */,
			);
			name = Products;
			sourceTree = "<group>";
		};
		DAA29B5D285A783000C70D12 /* UsersList */ = {
			isa = PBXGroup;
			children = (
				DAA29B92285A97C700C70D12 /* Models */,
				DAA29B91285A97A100C70D12 /* Views */,
				DAA29B5E285A783000C70D12 /* UsersListApp.swift */,
				DAA29B62285A783600C70D12 /* Assets.xcassets */,
				DAA29B64285A783600C70D12 /* Preview Content */,
			);
			path = UsersList;
			sourceTree = "<group>";
		};
		DAA29B64285A783600C70D12 /* Preview Content */ = {
			isa = PBXGroup;
			children = (
				DAA29B65285A783600C70D12 /* Preview Assets.xcassets */,
				DAA29B95285BE98100C70D12 /* TestData.swift */,
			);
			path = "Preview Content";
			sourceTree = "<group>";
		};
		DAA29B6E285A783700C70D12 /* UsersListTests */ = {
			isa = PBXGroup;
			children = (
				DAA29B6F285A783700C70D12 /* UsersListTests.swift */,
			);
			path = UsersListTests;
			sourceTree = "<group>";
		};
		DAA29B78285A783700C70D12 /* UsersListUITests */ = {
			isa = PBXGroup;
			children = (
				DAA29B79285A783700C70D12 /* UsersListUITests.swift */,
				DAA29B7B285A783700C70D12 /* UsersListUITestsLaunchTests.swift */,
			);
			path = UsersListUITests;
			sourceTree = "<group>";
		};
		DAA29B8A285A825D00C70D12 /* Models */ = {
			isa = PBXGroup;
			children = (
				DAA29B8E285A834300C70D12 /* UserDetails.swift */,
			);
			path = Models;
			sourceTree = "<group>";
		};
		DAA29B8D285A82FF00C70D12 /* Resources */ = {
			isa = PBXGroup;
			children = (
				DAA29B8B285A82DC00C70D12 /* UserDetails.json */,
				DAA29B9728627EE900C70D12 /* UsersList.json */,
			);
			path = Resources;
			sourceTree = "<group>";
		};
		DAA29B90285A96A400C70D12 /* Backend */ = {
			isa = PBXGroup;
			children = (
				DAA29B8D285A82FF00C70D12 /* Resources */,
				DAA29B8A285A825D00C70D12 /* Models */,
			);
			path = Backend;
			sourceTree = "<group>";
		};
		DAA29B91285A97A100C70D12 /* Views */ = {
			isa = PBXGroup;
			children = (
				DAA29B60285A783000C70D12 /* UserDetailsView.swift */,
				DAA29B88285A7EFD00C70D12 /* ImageView.swift */,
			);
			path = Views;
			sourceTree = "<group>";
		};
		DAA29B92285A97C700C70D12 /* Models */ = {
			isa = PBXGroup;
			children = (
				DAA29B93285AA4D000C70D12 /* UserDetailsModel.swift */,
			);
			path = Models;
			sourceTree = "<group>";
		};
/* End PBXGroup section */

/* Begin PBXNativeTarget section */
		DAA29B5A285A783000C70D12 /* ListingUsers */ = {
			isa = PBXNativeTarget;
			buildConfigurationList = DAA29B7F285A783700C70D12 /* Build configuration list for PBXNativeTarget "ListingUsers" */;
			buildPhases = (
				DAA29B57285A783000C70D12 /* Sources */,
				DAA29B58285A783000C70D12 /* Frameworks */,
				DAA29B59285A783000C70D12 /* Resources */,
			);
			buildRules = (
			);
			dependencies = (
			);
			name = ListingUsers;
			productName = UsersList;
			productReference = DAA29B5B285A783000C70D12 /* ListingUsers.app */;
			productType = "com.apple.product-type.application";
		};
		DAA29B6A285A783700C70D12 /* ListingUsersTests */ = {
			isa = PBXNativeTarget;
			buildConfigurationList = DAA29B82285A783700C70D12 /* Build configuration list for PBXNativeTarget "ListingUsersTests" */;
			buildPhases = (
				DAA29B67285A783700C70D12 /* Sources */,
				DAA29B68285A783700C70D12 /* Frameworks */,
				DAA29B69285A783700C70D12 /* Resources */,
			);
			buildRules = (
			);
			dependencies = (
				DAA29B6D285A783700C70D12 /* PBXTargetDependency */,
			);
			name = ListingUsersTests;
			productName = UsersListTests;
			productReference = DAA29B6B285A783700C70D12 /* ListingUsersTests.xctest */;
			productType = "com.apple.product-type.bundle.unit-test";
		};
		DAA29B74285A783700C70D12 /* ListingUsersUITests */ = {
			isa = PBXNativeTarget;
			buildConfigurationList = DAA29B85285A783700C70D12 /* Build configuration list for PBXNativeTarget "ListingUsersUITests" */;
			buildPhases = (
				DAA29B71285A783700C70D12 /* Sources */,
				DAA29B72285A783700C70D12 /* Frameworks */,
				DAA29B73285A783700C70D12 /* Resources */,
			);
			buildRules = (
			);
			dependencies = (
				DAA29B77285A783700C70D12 /* PBXTargetDependency */,
			);
			name = ListingUsersUITests;
			productName = UsersListUITests;
			productReference = DAA29B75285A783700C70D12 /* ListingUsersUITests.xctest */;
			productType = "com.apple.product-type.bundle.ui-testing";
		};
/* End PBXNativeTarget section */

/* Begin PBXProject section */
		DAA29B53285A783000C70D12 /* Project object */ = {
			isa = PBXProject;
			attributes = {
				BuildIndependentTargetsInParallel = 1;
				LastSwiftUpdateCheck = 1340;
				LastUpgradeCheck = 1340;
				TargetAttributes = {
					DAA29B5A285A783000C70D12 = {
						CreatedOnToolsVersion = 13.4.1;
					};
					DAA29B6A285A783700C70D12 = {
						CreatedOnToolsVersion = 13.4.1;
						TestTargetID = DAA29B5A285A783000C70D12;
					};
					DAA29B74285A783700C70D12 = {
						CreatedOnToolsVersion = 13.4.1;
						TestTargetID = DAA29B5A285A783000C70D12;
					};
				};
			};
			buildConfigurationList = DAA29B56285A783000C70D12 /* Build configuration list for PBXProject "ListingUsers" */;
			compatibilityVersion = "Xcode 13.0";
			developmentRegion = en;
			hasScannedForEncodings = 0;
			knownRegions = (
				en,
				Base,
			);
			mainGroup = DAA29B52285A783000C70D12;
			productRefGroup = DAA29B5C285A783000C70D12 /* Products */;
			projectDirPath = "";
			projectRoot = "";
			targets = (
				DAA29B5A285A783000C70D12 /* ListingUsers */,
				DAA29B6A285A783700C70D12 /* ListingUsersTests */,
				DAA29B74285A783700C70D12 /* ListingUsersUITests */,
			);
		};
/* End PBXProject section */

/* Begin PBXResourcesBuildPhase section */
		DAA29B59285A783000C70D12 /* Resources */ = {
			isa = PBXResourcesBuildPhase;
			buildActionMask = 2147483647;
			files = (
				DAA29B66285A783600C70D12 /* Preview Assets.xcassets in Resources */,
				DAA29B63285A783600C70D12 /* Assets.xcassets in Resources */,
				DAA29B8C285A82DC00C70D12 /* UserDetails.json in Resources */,
				DAA29B9828627EE900C70D12 /* UsersList.json in Resources */,
			);
			runOnlyForDeploymentPostprocessing = 0;
		};
		DAA29B69285A783700C70D12 /* Resources */ = {
			isa = PBXResourcesBuildPhase;
			buildActionMask = 2147483647;
			files = (
			);
			runOnlyForDeploymentPostprocessing = 0;
		};
		DAA29B73285A783700C70D12 /* Resources */ = {
			isa = PBXResourcesBuildPhase;
			buildActionMask = 2147483647;
			files = (
			);
			runOnlyForDeploymentPostprocessing = 0;
		};
/* End PBXResourcesBuildPhase section */

/* Begin PBXSourcesBuildPhase section */
		DAA29B57285A783000C70D12 /* Sources */ = {
			isa = PBXSourcesBuildPhase;
			buildActionMask = 2147483647;
			files = (
				DAA29B61285A783000C70D12 /* UserDetailsView.swift in Sources */,
				DAA29B8F285A834300C70D12 /* UserDetails.swift in Sources */,
				DAA29B94285AA4D000C70D12 /* UserDetailsModel.swift in Sources */,
				DAA29B96285BE98100C70D12 /* TestData.swift in Sources */,
				DAA29B5F285A783000C70D12 /* UsersListApp.swift in Sources */,
				DAA29B89285A7EFD00C70D12 /* ImageView.swift in Sources */,
			);
			runOnlyForDeploymentPostprocessing = 0;
		};
		DAA29B67285A783700C70D12 /* Sources */ = {
			isa = PBXSourcesBuildPhase;
			buildActionMask = 2147483647;
			files = (
				DAA29B70285A783700C70D12 /* UsersListTests.swift in Sources */,
			);
			runOnlyForDeploymentPostprocessing = 0;
		};
		DAA29B71285A783700C70D12 /* Sources */ = {
			isa = PBXSourcesBuildPhase;
			buildActionMask = 2147483647;
			files = (
				DAA29B7A285A783700C70D12 /* UsersListUITests.swift in Sources */,
				DAA29B7C285A783700C70D12 /* UsersListUITestsLaunchTests.swift in Sources */,
			);
			runOnlyForDeploymentPostprocessing = 0;
		};
/* End PBXSourcesBuildPhase section */

/* Begin PBXTargetDependency section */
		DAA29B6D285A783700C70D12 /* PBXTargetDependency */ = {
			isa = PBXTargetDependency;
			target = DAA29B5A285A783000C70D12 /* ListingUsers */;
			targetProxy = DAA29B6C285A783700C70D12 /* PBXContainerItemProxy */;
		};
		DAA29B77285A783700C70D12 /* PBXTargetDependency */ = {
			isa = PBXTargetDependency;
			target = DAA29B5A285A783000C70D12 /* ListingUsers */;
			targetProxy = DAA29B76285A783700C70D12 /* PBXContainerItemProxy */;
		};
/* End PBXTargetDependency section */

/* Begin XCBuildConfiguration section */
		DAA29B7D285A783700C70D12 /* Debug */ = {
			isa = XCBuildConfiguration;
			buildSettings = {
				ALWAYS_SEARCH_USER_PATHS = NO;
				CLANG_ANALYZER_NONNULL = YES;
				CLANG_ANALYZER_NUMBER_OBJECT_CONVERSION = YES_AGGRESSIVE;
				CLANG_CXX_LANGUAGE_STANDARD = "gnu++17";
				CLANG_ENABLE_MODULES = YES;
				CLANG_ENABLE_OBJC_ARC = YES;
				CLANG_ENABLE_OBJC_WEAK = YES;
				CLANG_WARN_BLOCK_CAPTURE_AUTORELEASING = YES;
				CLANG_WARN_BOOL_CONVERSION = YES;
				CLANG_WARN_COMMA = YES;
				CLANG_WARN_CONSTANT_CONVERSION = YES;
				CLANG_WARN_DEPRECATED_OBJC_IMPLEMENTATIONS = YES;
				CLANG_WARN_DIRECT_OBJC_ISA_USAGE = YES_ERROR;
				CLANG_WARN_DOCUMENTATION_COMMENTS = YES;
				CLANG_WARN_EMPTY_BODY = YES;
				CLANG_WARN_ENUM_CONVERSION = YES;
				CLANG_WARN_INFINITE_RECURSION = YES;
				CLANG_WARN_INT_CONVERSION = YES;
				CLANG_WARN_NON_LITERAL_NULL_CONVERSION = YES;
				CLANG_WARN_OBJC_IMPLICIT_RETAIN_SELF = YES;
				CLANG_WARN_OBJC_LITERAL_CONVERSION = YES;
				CLANG_WARN_OBJC_ROOT_CLASS = YES_ERROR;
				CLANG_WARN_QUOTED_INCLUDE_IN_FRAMEWORK_HEADER = YES;
				CLANG_WARN_RANGE_LOOP_ANALYSIS = YES;
				CLANG_WARN_STRICT_PROTOTYPES = YES;
				CLANG_WARN_SUSPICIOUS_MOVE = YES;
				CLANG_WARN_UNGUARDED_AVAILABILITY = YES_AGGRESSIVE;
				CLANG_WARN_UNREACHABLE_CODE = YES;
				CLANG_WARN__DUPLICATE_METHOD_MATCH = YES;
				COPY_PHASE_STRIP = NO;
				DEBUG_INFORMATION_FORMAT = dwarf;
				ENABLE_STRICT_OBJC_MSGSEND = YES;
				ENABLE_TESTABILITY = YES;
				GCC_C_LANGUAGE_STANDARD = gnu11;
				GCC_DYNAMIC_NO_PIC = NO;
				GCC_NO_COMMON_BLOCKS = YES;
				GCC_OPTIMIZATION_LEVEL = 0;
				GCC_PREPROCESSOR_DEFINITIONS = (
					"DEBUG=1",
					"$(inherited)",
				);
				GCC_WARN_64_TO_32_BIT_CONVERSION = YES;
				GCC_WARN_ABOUT_RETURN_TYPE = YES_ERROR;
				GCC_WARN_UNDECLARED_SELECTOR = YES;
				GCC_WARN_UNINITIALIZED_AUTOS = YES_AGGRESSIVE;
				GCC_WARN_UNUSED_FUNCTION = YES;
				GCC_WARN_UNUSED_VARIABLE = YES;
				IPHONEOS_DEPLOYMENT_TARGET = 15.5;
				MTL_ENABLE_DEBUG_INFO = INCLUDE_SOURCE;
				MTL_FAST_MATH = YES;
				ONLY_ACTIVE_ARCH = YES;
				SDKROOT = iphoneos;
				SWIFT_ACTIVE_COMPILATION_CONDITIONS = DEBUG;
				SWIFT_OPTIMIZATION_LEVEL = "-Onone";
			};
			name = Debug;
		};
		DAA29B7E285A783700C70D12 /* Release */ = {
			isa = XCBuildConfiguration;
			buildSettings = {
				ALWAYS_SEARCH_USER_PATHS = NO;
				CLANG_ANALYZER_NONNULL = YES;
				CLANG_ANALYZER_NUMBER_OBJECT_CONVERSION = YES_AGGRESSIVE;
				CLANG_CXX_LANGUAGE_STANDARD = "gnu++17";
				CLANG_ENABLE_MODULES = YES;
				CLANG_ENABLE_OBJC_ARC = YES;
				CLANG_ENABLE_OBJC_WEAK = YES;
				CLANG_WARN_BLOCK_CAPTURE_AUTORELEASING = YES;
				CLANG_WARN_BOOL_CONVERSION = YES;
				CLANG_WARN_COMMA = YES;
				CLANG_WARN_CONSTANT_CONVERSION = YES;
				CLANG_WARN_DEPRECATED_OBJC_IMPLEMENTATIONS = YES;
				CLANG_WARN_DIRECT_OBJC_ISA_USAGE = YES_ERROR;
				CLANG_WARN_DOCUMENTATION_COMMENTS = YES;
				CLANG_WARN_EMPTY_BODY = YES;
				CLANG_WARN_ENUM_CONVERSION = YES;
				CLANG_WARN_INFINITE_RECURSION = YES;
				CLANG_WARN_INT_CONVERSION = YES;
				CLANG_WARN_NON_LITERAL_NULL_CONVERSION = YES;
				CLANG_WARN_OBJC_IMPLICIT_RETAIN_SELF = YES;
				CLANG_WARN_OBJC_LITERAL_CONVERSION = YES;
				CLANG_WARN_OBJC_ROOT_CLASS = YES_ERROR;
				CLANG_WARN_QUOTED_INCLUDE_IN_FRAMEWORK_HEADER = YES;
				CLANG_WARN_RANGE_LOOP_ANALYSIS = YES;
				CLANG_WARN_STRICT_PROTOTYPES = YES;
				CLANG_WARN_SUSPICIOUS_MOVE = YES;
				CLANG_WARN_UNGUARDED_AVAILABILITY = YES_AGGRESSIVE;
				CLANG_WARN_UNREACHABLE_CODE = YES;
				CLANG_WARN__DUPLICATE_METHOD_MATCH = YES;
				COPY_PHASE_STRIP = NO;
				DEBUG_INFORMATION_FORMAT = "dwarf-with-dsym";
				ENABLE_NS_ASSERTIONS = NO;
				ENABLE_STRICT_OBJC_MSGSEND = YES;
				GCC_C_LANGUAGE_STANDARD = gnu11;
				GCC_NO_COMMON_BLOCKS = YES;
				GCC_WARN_64_TO_32_BIT_CONVERSION = YES;
				GCC_WARN_ABOUT_RETURN_TYPE = YES_ERROR;
				GCC_WARN_UNDECLARED_SELECTOR = YES;
				GCC_WARN_UNINITIALIZED_AUTOS = YES_AGGRESSIVE;
				GCC_WARN_UNUSED_FUNCTION = YES;
				GCC_WARN_UNUSED_VARIABLE = YES;
				IPHONEOS_DEPLOYMENT_TARGET = 15.5;
				MTL_ENABLE_DEBUG_INFO = NO;
				MTL_FAST_MATH = YES;
				SDKROOT = iphoneos;
				SWIFT_COMPILATION_MODE = wholemodule;
				SWIFT_OPTIMIZATION_LEVEL = "-O";
				VALIDATE_PRODUCT = YES;
			};
			name = Release;
		};
		DAA29B80285A783700C70D12 /* Debug */ = {
			isa = XCBuildConfiguration;
			buildSettings = {
				ASSETCATALOG_COMPILER_APPICON_NAME = AppIcon;
				ASSETCATALOG_COMPILER_GLOBAL_ACCENT_COLOR_NAME = AccentColor;
				CODE_SIGN_STYLE = Automatic;
				CURRENT_PROJECT_VERSION = 1;
				DEVELOPMENT_ASSET_PATHS = "\"UsersList/Preview Content\"";
				DEVELOPMENT_TEAM = BA49Y2UZ8Y;
				ENABLE_PREVIEWS = YES;
				GENERATE_INFOPLIST_FILE = YES;
				INFOPLIST_KEY_UIApplicationSceneManifest_Generation = YES;
				INFOPLIST_KEY_UIApplicationSupportsIndirectInputEvents = YES;
				INFOPLIST_KEY_UILaunchScreen_Generation = YES;
				INFOPLIST_KEY_UISupportedInterfaceOrientations_iPad = "UIInterfaceOrientationPortrait UIInterfaceOrientationPortraitUpsideDown UIInterfaceOrientationLandscapeLeft UIInterfaceOrientationLandscapeRight";
				INFOPLIST_KEY_UISupportedInterfaceOrientations_iPhone = "UIInterfaceOrientationPortrait UIInterfaceOrientationLandscapeLeft UIInterfaceOrientationLandscapeRight";
				LD_RUNPATH_SEARCH_PATHS = (
					"$(inherited)",
					"@executable_path/Frameworks",
				);
				MARKETING_VERSION = 1.0;
				PRODUCT_BUNDLE_IDENTIFIER = hasstenteufel.com.UsersList;
				PRODUCT_NAME = "$(TARGET_NAME)";
				SWIFT_EMIT_LOC_STRINGS = YES;
				SWIFT_VERSION = 5.0;
				TARGETED_DEVICE_FAMILY = "1,2";
			};
			name = Debug;
		};
		DAA29B81285A783700C70D12 /* Release */ = {
			isa = XCBuildConfiguration;
			buildSettings = {
				ASSETCATALOG_COMPILER_APPICON_NAME = AppIcon;
				ASSETCATALOG_COMPILER_GLOBAL_ACCENT_COLOR_NAME = AccentColor;
				CODE_SIGN_STYLE = Automatic;
				CURRENT_PROJECT_VERSION = 1;
				DEVELOPMENT_ASSET_PATHS = "\"UsersList/Preview Content\"";
				DEVELOPMENT_TEAM = BA49Y2UZ8Y;
				ENABLE_PREVIEWS = YES;
				GENERATE_INFOPLIST_FILE = YES;
				INFOPLIST_KEY_UIApplicationSceneManifest_Generation = YES;
				INFOPLIST_KEY_UIApplicationSupportsIndirectInputEvents = YES;
				INFOPLIST_KEY_UILaunchScreen_Generation = YES;
				INFOPLIST_KEY_UISupportedInterfaceOrientations_iPad = "UIInterfaceOrientationPortrait UIInterfaceOrientationPortraitUpsideDown UIInterfaceOrientationLandscapeLeft UIInterfaceOrientationLandscapeRight";
				INFOPLIST_KEY_UISupportedInterfaceOrientations_iPhone = "UIInterfaceOrientationPortrait UIInterfaceOrientationLandscapeLeft UIInterfaceOrientationLandscapeRight";
				LD_RUNPATH_SEARCH_PATHS = (
					"$(inherited)",
					"@executable_path/Frameworks",
				);
				MARKETING_VERSION = 1.0;
				PRODUCT_BUNDLE_IDENTIFIER = hasstenteufel.com.UsersList;
				PRODUCT_NAME = "$(TARGET_NAME)";
				SWIFT_EMIT_LOC_STRINGS = YES;
				SWIFT_VERSION = 5.0;
				TARGETED_DEVICE_FAMILY = "1,2";
			};
			name = Release;
		};
		DAA29B83285A783700C70D12 /* Debug */ = {
			isa = XCBuildConfiguration;
			buildSettings = {
				ALWAYS_EMBED_SWIFT_STANDARD_LIBRARIES = YES;
				BUNDLE_LOADER = "$(TEST_HOST)";
				CODE_SIGN_STYLE = Automatic;
				CURRENT_PROJECT_VERSION = 1;
				DEVELOPMENT_TEAM = BA49Y2UZ8Y;
				GENERATE_INFOPLIST_FILE = YES;
				IPHONEOS_DEPLOYMENT_TARGET = 15.5;
				MARKETING_VERSION = 1.0;
				PRODUCT_BUNDLE_IDENTIFIER = hasstenteufel.com.UsersListTests;
				PRODUCT_NAME = "$(TARGET_NAME)";
				SWIFT_EMIT_LOC_STRINGS = NO;
				SWIFT_VERSION = 5.0;
				TARGETED_DEVICE_FAMILY = "1,2";
				TEST_HOST = "$(BUILT_PRODUCTS_DIR)/ListingUsers.app/ListingUsers";
			};
			name = Debug;
		};
		DAA29B84285A783700C70D12 /* Release */ = {
			isa = XCBuildConfiguration;
			buildSettings = {
				ALWAYS_EMBED_SWIFT_STANDARD_LIBRARIES = YES;
				BUNDLE_LOADER = "$(TEST_HOST)";
				CODE_SIGN_STYLE = Automatic;
				CURRENT_PROJECT_VERSION = 1;
				DEVELOPMENT_TEAM = BA49Y2UZ8Y;
				GENERATE_INFOPLIST_FILE = YES;
				IPHONEOS_DEPLOYMENT_TARGET = 15.5;
				MARKETING_VERSION = 1.0;
				PRODUCT_BUNDLE_IDENTIFIER = hasstenteufel.com.UsersListTests;
				PRODUCT_NAME = "$(TARGET_NAME)";
				SWIFT_EMIT_LOC_STRINGS = NO;
				SWIFT_VERSION = 5.0;
				TARGETED_DEVICE_FAMILY = "1,2";
				TEST_HOST = "$(BUILT_PRODUCTS_DIR)/ListingUsers.app/ListingUsers";
			};
			name = Release;
		};
		DAA29B86285A783700C70D12 /* Debug */ = {
			isa = XCBuildConfiguration;
			buildSettings = {
				ALWAYS_EMBED_SWIFT_STANDARD_LIBRARIES = YES;
				CODE_SIGN_STYLE = Automatic;
				CURRENT_PROJECT_VERSION = 1;
				DEVELOPMENT_TEAM = BA49Y2UZ8Y;
				GENERATE_INFOPLIST_FILE = YES;
				MARKETING_VERSION = 1.0;
				PRODUCT_BUNDLE_IDENTIFIER = hasstenteufel.com.UsersListUITests;
				PRODUCT_NAME = "$(TARGET_NAME)";
				SWIFT_EMIT_LOC_STRINGS = NO;
				SWIFT_VERSION = 5.0;
				TARGETED_DEVICE_FAMILY = "1,2";
				TEST_TARGET_NAME = UsersList;
			};
			name = Debug;
		};
		DAA29B87285A783700C70D12 /* Release */ = {
			isa = XCBuildConfiguration;
			buildSettings = {
				ALWAYS_EMBED_SWIFT_STANDARD_LIBRARIES = YES;
				CODE_SIGN_STYLE = Automatic;
				CURRENT_PROJECT_VERSION = 1;
				DEVELOPMENT_TEAM = BA49Y2UZ8Y;
				GENERATE_INFOPLIST_FILE = YES;
				MARKETING_VERSION = 1.0;
				PRODUCT_BUNDLE_IDENTIFIER = hasstenteufel.com.UsersListUITests;
				PRODUCT_NAME = "$(TARGET_NAME)";
				SWIFT_EMIT_LOC_STRINGS = NO;
				SWIFT_VERSION = 5.0;
				TARGETED_DEVICE_FAMILY = "1,2";
				TEST_TARGET_NAME = UsersList;
			};
			name = Release;
		};
/* End XCBuildConfiguration section */

/* Begin XCConfigurationList section */
		DAA29B56285A783000C70D12 /* Build configuration list for PBXProject "ListingUsers" */ = {
			isa = XCConfigurationList;
			buildConfigurations = (
				DAA29B7D285A783700C70D12 /* Debug */,
				DAA29B7E285A783700C70D12 /* Release */,
			);
			defaultConfigurationIsVisible = 0;
			defaultConfigurationName = Release;
		};
		DAA29B7F285A783700C70D12 /* Build configuration list for PBXNativeTarget "ListingUsers" */ = {
			isa = XCConfigurationList;
			buildConfigurations = (
				DAA29B80285A783700C70D12 /* Debug */,
				DAA29B81285A783700C70D12 /* Release */,
			);
			defaultConfigurationIsVisible = 0;
			defaultConfigurationName = Release;
		};
		DAA29B82285A783700C70D12 /* Build configuration list for PBXNativeTarget "ListingUsersTests" */ = {
			isa = XCConfigurationList;
			buildConfigurations = (
				DAA29B83285A783700C70D12 /* Debug */,
				DAA29B84285A783700C70D12 /* Release */,
			);
			defaultConfigurationIsVisible = 0;
			defaultConfigurationName = Release;
		};
		DAA29B85285A783700C70D12 /* Build configuration list for PBXNativeTarget "ListingUsersUITests" */ = {
			isa = XCConfigurationList;
			buildConfigurations = (
				DAA29B86285A783700C70D12 /* Debug */,
				DAA29B87285A783700C70D12 /* Release */,
			);
			defaultConfigurationIsVisible = 0;
			defaultConfigurationName = Release;
		};
/* End XCConfigurationList section */
	};
	rootObject = DAA29B53285A783000C70D12 /* Project object */;
}
